Microsoft Visual Studio Solution File, Format Version 12.00
# Visual Studio Version 17
VisualStudioVersion = 17.5.2.0
MinimumVisualStudioVersion = 10.0.40219.1
Project("{2150E333-8FDC-42A3-9474-1A3956D46DE8}") = "qb_bridge", "qb_bridge", "{8AC2B8CF-15C3-D5E9-C740-A8371EA12904}"
EndProject
Project("{FAE04EC0-301F-11D3-BF4B-00C04F79EFBC}") = "AFCQbAgent", "qb_bridge\AFCQbAgent\AFCQbAgent.csproj", "{65B5664A-C88A-92C2-16CC-1A1D07936BBE}"
EndProject
Global
	GlobalSection(SolutionConfigurationPlatforms) = preSolution
		Debug|Any CPU = Debug|Any CPU
		Release|Any CPU = Release|Any CPU
	EndGlobalSection
	GlobalSection(ProjectConfigurationPlatforms) = postSolution
		{65B5664A-C88A-92C2-16CC-1A1D07936BBE}.Debug|Any CPU.ActiveCfg = Debug|Any CPU
		{65B5664A-C88A-92C2-16CC-1A1D07936BBE}.Debug|Any CPU.Build.0 = Debug|Any CPU
		{65B5664A-C88A-92C2-16CC-1A1D07936BBE}.Release|Any CPU.ActiveCfg = Release|Any CPU
		{65B5664A-C88A-92C2-16CC-1A1D07936BBE}.Release|Any CPU.Build.0 = Release|Any CPU
	EndGlobalSection
	GlobalSection(SolutionProperties) = preSolution
		HideSolutionNode = FALSE
	EndGlobalSection
	GlobalSection(NestedProjects) = preSolution
		{65B5664A-C88A-92C2-16CC-1A1D07936BBE} = {8AC2B8CF-15C3-D5E9-C740-A8371EA12904}
	EndGlobalSection
	GlobalSection(ExtensibilityGlobals) = postSolution
		SolutionGuid = {CC91EC84-E099-4EB5-B894-78F3AC4185E6}
	EndGlobalSection
EndGlobal
